
Microsoft Visual Studio Solution File, Format Version 12.00
# Visual Studio Version 17
VisualStudioVersion = 17.2.32526.322
MinimumVisualStudioVersion = 10.0.40219.1
Project("{FAE04EC0-301F-11D3-BF4B-00C04F79EFBC}") = "Atof_improved", "Atof_improved\Atof_improved.csproj", "{BC4EC64B-B129-45D2-8792-D16D615A2F1B}"
EndProject
Global
	GlobalSection(SolutionConfigurationPlatforms) = preSolution
		Debug|Any CPU = Debug|Any CPU
		Release|Any CPU = Release|Any CPU
	EndGlobalSection
	GlobalSection(ProjectConfigurationPlatforms) = postSolution
		{BC4EC64B-B129-45D2-8792-D16D615A2F1B}.Debug|Any CPU.ActiveCfg = Debug|Any CPU
		{BC4EC64B-B129-45D2-8792-D16D615A2F1B}.Debug|Any CPU.Build.0 = Debug|Any CPU
		{BC4EC64B-B129-45D2-8792-D16D615A2F1B}.Release|Any CPU.ActiveCfg = Release|Any CPU
		{BC4EC64B-B129-45D2-8792-D16D615A2F1B}.Release|Any CPU.Build.0 = Release|Any CPU
	EndGlobalSection
	GlobalSection(SolutionProperties) = preSolution
		HideSolutionNode = FALSE
	EndGlobalSection
	GlobalSection(ExtensibilityGlobals) = postSolution
		SolutionGuid = {50A65F6B-2B47-4885-A89A-3643F57F351C}
	EndGlobalSection
EndGlobal
